PODS:
  - Pytorch-Exp (0.0.3):
    - Pytorch-Exp/Core (= 0.0.3)
  - Pytorch-Exp/API (0.0.3)
  - Pytorch-Exp/Core (0.0.3):
    - Pytorch-Exp/API

DEPENDENCIES:
  - Pytorch-Exp

SPEC REPOS:
  https://github.com/cocoapods/specs.git:
    - Pytorch-Exp

SPEC CHECKSUMS:
  Pytorch-Exp: a38a689a306cae1cacc8ce6a5b4fd3a5dda9ed32

PODFILE CHECKSUM: caff76c84b4ca80dc42ed4b2e119cda117f70570

COCOAPODS: 1.7.1
