PODS:
  - LibTorch (0.0.2):
    - LibTorch/Core (= 0.0.2)
  - LibTorch/Core (0.0.2):
    - LibTorch/Torch
  - LibTorch/Torch (0.0.2)
  - PytorchExpObjC (0.0.3):
    - LibTorch

DEPENDENCIES:
  - PytorchExpObjC (~> 0.0.3)

SPEC REPOS:
  https://github.com/cocoapods/specs.git:
    - LibTorch
    - PytorchExpObjC

SPEC CHECKSUMS:
  LibTorch: f4b576069920da1c6d9963ccb3c737529c6cc991
  PytorchExpObjC: e454b18e8d20d22d601d1ee19eb739356829184d

PODFILE CHECKSUM: 411ca96f13d81b9925e94198343acfb48c190793

COCOAPODS: 1.7.1
