PODS:
  - PytorchExp (0.0.1):
    - PytorchExp/Core (= 0.0.1)
  - PytorchExp/Core (0.0.1):
    - PytorchExp/Libtorch
  - PytorchExp/Libtorch (0.0.1)
  - PytorchExpObjC (0.0.1):
    - PytorchExp

DEPENDENCIES:
  - PytorchExpObjC (from `https://github.com/xta0/PytorchExpObjC.git`, branch `master`)

SPEC REPOS:
  https://github.com/cocoapods/specs.git:
    - PytorchExp

EXTERNAL SOURCES:
  PytorchExpObjC:
    :branch: master
    :git: https://github.com/xta0/PytorchExpObjC.git

CHECKOUT OPTIONS:
  PytorchExpObjC:
    :commit: 651006552898bd131e9d2c4fa30ee901875a3030
    :git: https://github.com/xta0/PytorchExpObjC.git

SPEC CHECKSUMS:
  PytorchExp: f700aadfe498196941ace700821c4f7d02fcea67
  PytorchExpObjC: 38e3f749a4471d602f59f55e8b11df6b3b48fa03

PODFILE CHECKSUM: 60c0203c282a384726127eb13479dd5567abf917

COCOAPODS: 1.7.1
