PODS:
  - PytorchExp (0.0.1):
    - PytorchExp/Core (= 0.0.1)
  - PytorchExp/Core (0.0.1):
    - PytorchExp/Libtorch
  - PytorchExp/Libtorch (0.0.1)

DEPENDENCIES:
  - PytorchExp (from `https://github.com/xta0/PytorchExp.git`, branch `master`)

EXTERNAL SOURCES:
  PytorchExp:
    :branch: master
    :git: https://github.com/xta0/PytorchExp.git

CHECKOUT OPTIONS:
  PytorchExp:
    :commit: d5aaf8eb3386511967d0557ba38e818b86e99198
    :git: https://github.com/xta0/PytorchExp.git

SPEC CHECKSUMS:
  PytorchExp: a57bbefb5f73f82fedf9072311b4155a1f49a568

PODFILE CHECKSUM: f1bb2d360ba50280102ebb863a4b0e5ce6b6ac6c

COCOAPODS: 1.7.1
